
Microsoft Visual Studio Solution File, Format Version 12.00
# Visual Studio 15
VisualStudioVersion = 15.0.27130.2003
MinimumVisualStudioVersion = 10.0.40219.1
Project("{FAE04EC0-301F-11D3-BF4B-00C04F79EFBC}") = "HelloXamarinFunctions.Android", "HelloXamarinFunctions\HelloXamarinFunctions.Android\HelloXamarinFunctions.Android.csproj", "{DA45728B-4E5A-4A1B-8628-73112B867A46}"
EndProject
Project("{FAE04EC0-301F-11D3-BF4B-00C04F79EFBC}") = "HelloXamarinFunctions.iOS", "HelloXamarinFunctions\HelloXamarinFunctions.iOS\HelloXamarinFunctions.iOS.csproj", "{5543B4BF-CED3-4C37-8D7B-970DA3518FDB}"
EndProject
Project("{FAE04EC0-301F-11D3-BF4B-00C04F79EFBC}") = "HelloXamarinFunctions.UWP", "HelloXamarinFunctions\HelloXamarinFunctions.UWP\HelloXamarinFunctions.UWP.csproj", "{C963712C-BC5D-45EF-8508-1D07D85FB81E}"
EndProject
Project("{9A19103F-16F7-4668-BE54-9A1E7A4F7556}") = "HelloXamarinFunctions", "HelloXamarinFunctions\HelloXamarinFunctions\HelloXamarinFunctions.csproj", "{BFAC2AA8-F998-4D76-8310-6C0F4849F198}"
EndProject
Global
	GlobalSection(SolutionConfigurationPlatforms) = preSolution
		Ad-Hoc|Any CPU = Ad-Hoc|Any CPU
		Ad-Hoc|ARM = Ad-Hoc|ARM
		Ad-Hoc|iPhone = Ad-Hoc|iPhone
		Ad-Hoc|iPhoneSimulator = Ad-Hoc|iPhoneSimulator
		Ad-Hoc|x64 = Ad-Hoc|x64
		Ad-Hoc|x86 = Ad-Hoc|x86
		AppStore|Any CPU = AppStore|Any CPU
		AppStore|ARM = AppStore|ARM
		AppStore|iPhone = AppStore|iPhone
		AppStore|iPhoneSimulator = AppStore|iPhoneSimulator
		AppStore|x64 = AppStore|x64
		AppStore|x86 = AppStore|x86
		Debug|Any CPU = Debug|Any CPU
		Debug|ARM = Debug|ARM
		Debug|iPhone = Debug|iPhone
		Debug|iPhoneSimulator = Debug|iPhoneSimulator
		Debug|x64 = Debug|x64
		Debug|x86 = Debug|x86
		Release|Any CPU = Release|Any CPU
		Release|ARM = Release|ARM
		Release|iPhone = Release|iPhone
		Release|iPhoneSimulator = Release|iPhoneSimulator
		Release|x64 = Release|x64
		Release|x86 = Release|x86
	EndGlobalSection
	GlobalSection(ProjectConfigurationPlatforms) = postSolution
		{DA45728B-4E5A-4A1B-8628-73112B867A46}.Ad-Hoc|Any CPU.ActiveCfg = Release|Any CPU
		{DA45728B-4E5A-4A1B-8628-73112B867A46}.Ad-Hoc|Any CPU.Build.0 = Release|Any CPU
		{DA45728B-4E5A-4A1B-8628-73112B867A46}.Ad-Hoc|Any CPU.Deploy.0 = Release|Any CPU
		{DA45728B-4E5A-4A1B-8628-73112B867A46}.Ad-Hoc|ARM.ActiveCfg = Release|Any CPU
		{DA45728B-4E5A-4A1B-8628-73112B867A46}.Ad-Hoc|ARM.Build.0 = Release|Any CPU
		{DA45728B-4E5A-4A1B-8628-73112B867A46}.Ad-Hoc|ARM.Deploy.0 = Release|Any CPU
		{DA45728B-4E5A-4A1B-8628-73112B867A46}.Ad-Hoc|iPhone.ActiveCfg = Release|Any CPU
		{DA45728B-4E5A-4A1B-8628-73112B867A46}.Ad-Hoc|iPhone.Build.0 = Release|Any CPU
		{DA45728B-4E5A-4A1B-8628-73112B867A46}.Ad-Hoc|iPhone.Deploy.0 = Release|Any CPU
		{DA45728B-4E5A-4A1B-8628-73112B867A46}.Ad-Hoc|iPhoneSimulator.ActiveCfg = Release|Any CPU
		{DA45728B-4E5A-4A1B-8628-73112B867A46}.Ad-Hoc|iPhoneSimulator.Build.0 = Release|Any CPU
		{DA45728B-4E5A-4A1B-8628-73112B867A46}.Ad-Hoc|iPhoneSimulator.Deploy.0 = Release|Any CPU
		{DA45728B-4E5A-4A1B-8628-73112B867A46}.Ad-Hoc|x64.ActiveCfg = Release|Any CPU
		{DA45728B-4E5A-4A1B-8628-73112B867A46}.Ad-Hoc|x64.Build.0 = Release|Any CPU
		{DA45728B-4E5A-4A1B-8628-73112B867A46}.Ad-Hoc|x64.Deploy.0 = Release|Any CPU
		{DA45728B-4E5A-4A1B-8628-73112B867A46}.Ad-Hoc|x86.ActiveCfg = Release|Any CPU
		{DA45728B-4E5A-4A1B-8628-73112B867A46}.Ad-Hoc|x86.Build.0 = Release|Any CPU
		{DA45728B-4E5A-4A1B-8628-73112B867A46}.Ad-Hoc|x86.Deploy.0 = Release|Any CPU
		{DA45728B-4E5A-4A1B-8628-73112B867A46}.AppStore|Any CPU.ActiveCfg = Release|Any CPU
		{DA45728B-4E5A-4A1B-8628-73112B867A46}.AppStore|Any CPU.Build.0 = Release|Any CPU
		{DA45728B-4E5A-4A1B-8628-73112B867A46}.AppStore|Any CPU.Deploy.0 = Release|Any CPU
		{DA45728B-4E5A-4A1B-8628-73112B867A46}.AppStore|ARM.ActiveCfg = Release|Any CPU
		{DA45728B-4E5A-4A1B-8628-73112B867A46}.AppStore|ARM.Build.0 = Release|Any CPU
		{DA45728B-4E5A-4A1B-8628-73112B867A46}.AppStore|ARM.Deploy.0 = Release|Any CPU
		{DA45728B-4E5A-4A1B-8628-73112B867A46}.AppStore|iPhone.ActiveCfg = Release|Any CPU
		{DA45728B-4E5A-4A1B-8628-73112B867A46}.AppStore|iPhone.Build.0 = Release|Any CPU
		{DA45728B-4E5A-4A1B-8628-73112B867A46}.AppStore|iPhone.Deploy.0 = Release|Any CPU
		{DA45728B-4E5A-4A1B-8628-73112B867A46}.AppStore|iPhoneSimulator.ActiveCfg = Release|Any CPU
		{DA45728B-4E5A-4A1B-8628-73112B867A46}.AppStore|iPhoneSimulator.Build.0 = Release|Any CPU
		{DA45728B-4E5A-4A1B-8628-73112B867A46}.AppStore|iPhoneSimulator.Deploy.0 = Release|Any CPU
		{DA45728B-4E5A-4A1B-8628-73112B867A46}.AppStore|x64.ActiveCfg = Release|Any CPU
		{DA45728B-4E5A-4A1B-8628-73112B867A46}.AppStore|x64.Build.0 = Release|Any CPU
		{DA45728B-4E5A-4A1B-8628-73112B867A46}.AppStore|x64.Deploy.0 = Release|Any CPU
		{DA45728B-4E5A-4A1B-8628-73112B867A46}.AppStore|x86.ActiveCfg = Release|Any CPU
		{DA45728B-4E5A-4A1B-8628-73112B867A46}.AppStore|x86.Build.0 = Release|Any CPU
		{DA45728B-4E5A-4A1B-8628-73112B867A46}.AppStore|x86.Deploy.0 = Release|Any CPU
		{DA45728B-4E5A-4A1B-8628-73112B867A46}.Debug|Any CPU.ActiveCfg = Debug|Any CPU
		{DA45728B-4E5A-4A1B-8628-73112B867A46}.Debug|Any CPU.Build.0 = Debug|Any CPU
		{DA45728B-4E5A-4A1B-8628-73112B867A46}.Debug|Any CPU.Deploy.0 = Debug|Any CPU
		{DA45728B-4E5A-4A1B-8628-73112B867A46}.Debug|ARM.ActiveCfg = Debug|Any CPU
		{DA45728B-4E5A-4A1B-8628-73112B867A46}.Debug|ARM.Build.0 = Debug|Any CPU
		{DA45728B-4E5A-4A1B-8628-73112B867A46}.Debug|ARM.Deploy.0 = Debug|Any CPU
		{DA45728B-4E5A-4A1B-8628-73112B867A46}.Debug|iPhone.ActiveCfg = Debug|Any CPU
		{DA45728B-4E5A-4A1B-8628-73112B867A46}.Debug|iPhone.Build.0 = Debug|Any CPU
		{DA45728B-4E5A-4A1B-8628-73112B867A46}.Debug|iPhone.Deploy.0 = Debug|Any CPU
		{DA45728B-4E5A-4A1B-8628-73112B867A46}.Debug|iPhoneSimulator.ActiveCfg = Debug|Any CPU
		{DA45728B-4E5A-4A1B-8628-73112B867A46}.Debug|iPhoneSimulator.Build.0 = Debug|Any CPU
		{DA45728B-4E5A-4A1B-8628-73112B867A46}.Debug|iPhoneSimulator.Deploy.0 = Debug|Any CPU
		{DA45728B-4E5A-4A1B-8628-73112B867A46}.Debug|x64.ActiveCfg = Debug|Any CPU
		{DA45728B-4E5A-4A1B-8628-73112B867A46}.Debug|x64.Build.0 = Debug|Any CPU
		{DA45728B-4E5A-4A1B-8628-73112B867A46}.Debug|x64.Deploy.0 = Debug|Any CPU
		{DA45728B-4E5A-4A1B-8628-73112B867A46}.Debug|x86.ActiveCfg = Debug|Any CPU
		{DA45728B-4E5A-4A1B-8628-73112B867A46}.Debug|x86.Build.0 = Debug|Any CPU
		{DA45728B-4E5A-4A1B-8628-73112B867A46}.Debug|x86.Deploy.0 = Debug|Any CPU
		{DA45728B-4E5A-4A1B-8628-73112B867A46}.Release|Any CPU.ActiveCfg = Release|Any CPU
		{DA45728B-4E5A-4A1B-8628-73112B867A46}.Release|Any CPU.Build.0 = Release|Any CPU
		{DA45728B-4E5A-4A1B-8628-73112B867A46}.Release|Any CPU.Deploy.0 = Release|Any CPU
		{DA45728B-4E5A-4A1B-8628-73112B867A46}.Release|ARM.ActiveCfg = Release|Any CPU
		{DA45728B-4E5A-4A1B-8628-73112B867A46}.Release|ARM.Build.0 = Release|Any CPU
		{DA45728B-4E5A-4A1B-8628-73112B867A46}.Release|ARM.Deploy.0 = Release|Any CPU
		{DA45728B-4E5A-4A1B-8628-73112B867A46}.Release|iPhone.ActiveCfg = Release|Any CPU
		{DA45728B-4E5A-4A1B-8628-73112B867A46}.Release|iPhone.Build.0 = Release|Any CPU
		{DA45728B-4E5A-4A1B-8628-73112B867A46}.Release|iPhone.Deploy.0 = Release|Any CPU
		{DA45728B-4E5A-4A1B-8628-73112B867A46}.Release|iPhoneSimulator.ActiveCfg = Release|Any CPU
		{DA45728B-4E5A-4A1B-8628-73112B867A46}.Release|iPhoneSimulator.Build.0 = Release|Any CPU
		{DA45728B-4E5A-4A1B-8628-73112B867A46}.Release|iPhoneSimulator.Deploy.0 = Release|Any CPU
		{DA45728B-4E5A-4A1B-8628-73112B867A46}.Release|x64.ActiveCfg = Release|Any CPU
		{DA45728B-4E5A-4A1B-8628-73112B867A46}.Release|x64.Build.0 = Release|Any CPU
		{DA45728B-4E5A-4A1B-8628-73112B867A46}.Release|x64.Deploy.0 = Release|Any CPU
		{DA45728B-4E5A-4A1B-8628-73112B867A46}.Release|x86.ActiveCfg = Release|Any CPU
		{DA45728B-4E5A-4A1B-8628-73112B867A46}.Release|x86.Build.0 = Release|Any CPU
		{DA45728B-4E5A-4A1B-8628-73112B867A46}.Release|x86.Deploy.0 = Release|Any CPU
		{5543B4BF-CED3-4C37-8D7B-970DA3518FDB}.Ad-Hoc|Any CPU.ActiveCfg = Ad-Hoc|iPhone
		{5543B4BF-CED3-4C37-8D7B-970DA3518FDB}.Ad-Hoc|ARM.ActiveCfg = Ad-Hoc|iPhone
		{5543B4BF-CED3-4C37-8D7B-970DA3518FDB}.Ad-Hoc|iPhone.ActiveCfg = Ad-Hoc|iPhone
		{5543B4BF-CED3-4C37-8D7B-970DA3518FDB}.Ad-Hoc|iPhone.Build.0 = Ad-Hoc|iPhone
		{5543B4BF-CED3-4C37-8D7B-970DA3518FDB}.Ad-Hoc|iPhoneSimulator.ActiveCfg = Ad-Hoc|iPhoneSimulator
		{5543B4BF-CED3-4C37-8D7B-970DA3518FDB}.Ad-Hoc|iPhoneSimulator.Build.0 = Ad-Hoc|iPhoneSimulator
		{5543B4BF-CED3-4C37-8D7B-970DA3518FDB}.Ad-Hoc|x64.ActiveCfg = Ad-Hoc|iPhone
		{5543B4BF-CED3-4C37-8D7B-970DA3518FDB}.Ad-Hoc|x86.ActiveCfg = Ad-Hoc|iPhone
		{5543B4BF-CED3-4C37-8D7B-970DA3518FDB}.AppStore|Any CPU.ActiveCfg = AppStore|iPhone
		{5543B4BF-CED3-4C37-8D7B-970DA3518FDB}.AppStore|ARM.ActiveCfg = AppStore|iPhone
		{5543B4BF-CED3-4C37-8D7B-970DA3518FDB}.AppStore|iPhone.ActiveCfg = AppStore|iPhone
		{5543B4BF-CED3-4C37-8D7B-970DA3518FDB}.AppStore|iPhone.Build.0 = AppStore|iPhone
		{5543B4BF-CED3-4C37-8D7B-970DA3518FDB}.AppStore|iPhoneSimulator.ActiveCfg = AppStore|iPhoneSimulator
		{5543B4BF-CED3-4C37-8D7B-970DA3518FDB}.AppStore|iPhoneSimulator.Build.0 = AppStore|iPhoneSimulator
		{5543B4BF-CED3-4C37-8D7B-970DA3518FDB}.AppStore|x64.ActiveCfg = AppStore|iPhone
		{5543B4BF-CED3-4C37-8D7B-970DA3518FDB}.AppStore|x86.ActiveCfg = AppStore|iPhone
		{5543B4BF-CED3-4C37-8D7B-970DA3518FDB}.Debug|Any CPU.ActiveCfg = Debug|iPhone
		{5543B4BF-CED3-4C37-8D7B-970DA3518FDB}.Debug|ARM.ActiveCfg = Debug|iPhone
		{5543B4BF-CED3-4C37-8D7B-970DA3518FDB}.Debug|iPhone.ActiveCfg = Debug|iPhone
		{5543B4BF-CED3-4C37-8D7B-970DA3518FDB}.Debug|iPhone.Build.0 = Debug|iPhone
		{5543B4BF-CED3-4C37-8D7B-970DA3518FDB}.Debug|iPhoneSimulator.ActiveCfg = Debug|iPhoneSimulator
		{5543B4BF-CED3-4C37-8D7B-970DA3518FDB}.Debug|iPhoneSimulator.Build.0 = Debug|iPhoneSimulator
		{5543B4BF-CED3-4C37-8D7B-970DA3518FDB}.Debug|x64.ActiveCfg = Debug|iPhone
		{5543B4BF-CED3-4C37-8D7B-970DA3518FDB}.Debug|x86.ActiveCfg = Debug|iPhone
		{5543B4BF-CED3-4C37-8D7B-970DA3518FDB}.Release|Any CPU.ActiveCfg = Release|iPhone
		{5543B4BF-CED3-4C37-8D7B-970DA3518FDB}.Release|ARM.ActiveCfg = Release|iPhone
		{5543B4BF-CED3-4C37-8D7B-970DA3518FDB}.Release|iPhone.ActiveCfg = Release|iPhone
		{5543B4BF-CED3-4C37-8D7B-970DA3518FDB}.Release|iPhone.Build.0 = Release|iPhone
		{5543B4BF-CED3-4C37-8D7B-970DA3518FDB}.Release|iPhoneSimulator.ActiveCfg = Release|iPhoneSimulator
		{5543B4BF-CED3-4C37-8D7B-970DA3518FDB}.Release|iPhoneSimulator.Build.0 = Release|iPhoneSimulator
		{5543B4BF-CED3-4C37-8D7B-970DA3518FDB}.Release|x64.ActiveCfg = Release|iPhone
		{5543B4BF-CED3-4C37-8D7B-970DA3518FDB}.Release|x86.ActiveCfg = Release|iPhone
		{C963712C-BC5D-45EF-8508-1D07D85FB81E}.Ad-Hoc|Any CPU.ActiveCfg = Release|x86
		{C963712C-BC5D-45EF-8508-1D07D85FB81E}.Ad-Hoc|Any CPU.Build.0 = Release|x86
		{C963712C-BC5D-45EF-8508-1D07D85FB81E}.Ad-Hoc|Any CPU.Deploy.0 = Release|x86
		{C963712C-BC5D-45EF-8508-1D07D85FB81E}.Ad-Hoc|ARM.ActiveCfg = Release|ARM
		{C963712C-BC5D-45EF-8508-1D07D85FB81E}.Ad-Hoc|ARM.Build.0 = Release|ARM
		{C963712C-BC5D-45EF-8508-1D07D85FB81E}.Ad-Hoc|ARM.Deploy.0 = Release|ARM
		{C963712C-BC5D-45EF-8508-1D07D85FB81E}.Ad-Hoc|iPhone.ActiveCfg = Release|x86
		{C963712C-BC5D-45EF-8508-1D07D85FB81E}.Ad-Hoc|iPhone.Build.0 = Release|x86
		{C963712C-BC5D-45EF-8508-1D07D85FB81E}.Ad-Hoc|iPhone.Deploy.0 = Release|x86
		{C963712C-BC5D-45EF-8508-1D07D85FB81E}.Ad-Hoc|iPhoneSimulator.ActiveCfg = Release|x86
		{C963712C-BC5D-45EF-8508-1D07D85FB81E}.Ad-Hoc|iPhoneSimulator.Build.0 = Release|x86
		{C963712C-BC5D-45EF-8508-1D07D85FB81E}.Ad-Hoc|iPhoneSimulator.Deploy.0 = Release|x86
		{C963712C-BC5D-45EF-8508-1D07D85FB81E}.Ad-Hoc|x64.ActiveCfg = Release|x64
		{C963712C-BC5D-45EF-8508-1D07D85FB81E}.Ad-Hoc|x64.Build.0 = Release|x64
		{C963712C-BC5D-45EF-8508-1D07D85FB81E}.Ad-Hoc|x64.Deploy.0 = Release|x64
		{C963712C-BC5D-45EF-8508-1D07D85FB81E}.Ad-Hoc|x86.ActiveCfg = Release|x86
		{C963712C-BC5D-45EF-8508-1D07D85FB81E}.Ad-Hoc|x86.Build.0 = Release|x86
		{C963712C-BC5D-45EF-8508-1D07D85FB81E}.Ad-Hoc|x86.Deploy.0 = Release|x86
		{C963712C-BC5D-45EF-8508-1D07D85FB81E}.AppStore|Any CPU.ActiveCfg = Release|x86
		{C963712C-BC5D-45EF-8508-1D07D85FB81E}.AppStore|Any CPU.Build.0 = Release|x86
		{C963712C-BC5D-45EF-8508-1D07D85FB81E}.AppStore|Any CPU.Deploy.0 = Release|x86
		{C963712C-BC5D-45EF-8508-1D07D85FB81E}.AppStore|ARM.ActiveCfg = Release|ARM
		{C963712C-BC5D-45EF-8508-1D07D85FB81E}.AppStore|ARM.Build.0 = Release|ARM
		{C963712C-BC5D-45EF-8508-1D07D85FB81E}.AppStore|ARM.Deploy.0 = Release|ARM
		{C963712C-BC5D-45EF-8508-1D07D85FB81E}.AppStore|iPhone.ActiveCfg = Release|x86
		{C963712C-BC5D-45EF-8508-1D07D85FB81E}.AppStore|iPhone.Build.0 = Release|x86
		{C963712C-BC5D-45EF-8508-1D07D85FB81E}.AppStore|iPhone.Deploy.0 = Release|x86
		{C963712C-BC5D-45EF-8508-1D07D85FB81E}.AppStore|iPhoneSimulator.ActiveCfg = Release|x86
		{C963712C-BC5D-45EF-8508-1D07D85FB81E}.AppStore|iPhoneSimulator.Build.0 = Release|x86
		{C963712C-BC5D-45EF-8508-1D07D85FB81E}.AppStore|iPhoneSimulator.Deploy.0 = Release|x86
		{C963712C-BC5D-45EF-8508-1D07D85FB81E}.AppStore|x64.ActiveCfg = Release|x64
		{C963712C-BC5D-45EF-8508-1D07D85FB81E}.AppStore|x64.Build.0 = Release|x64
		{C963712C-BC5D-45EF-8508-1D07D85FB81E}.AppStore|x64.Deploy.0 = Release|x64
		{C963712C-BC5D-45EF-8508-1D07D85FB81E}.AppStore|x86.ActiveCfg = Release|x86
		{C963712C-BC5D-45EF-8508-1D07D85FB81E}.AppStore|x86.Build.0 = Release|x86
		{C963712C-BC5D-45EF-8508-1D07D85FB81E}.AppStore|x86.Deploy.0 = Release|x86
		{C963712C-BC5D-45EF-8508-1D07D85FB81E}.Debug|Any CPU.ActiveCfg = Debug|x86
		{C963712C-BC5D-45EF-8508-1D07D85FB81E}.Debug|Any CPU.Build.0 = Debug|x86
		{C963712C-BC5D-45EF-8508-1D07D85FB81E}.Debug|Any CPU.Deploy.0 = Debug|x86
		{C963712C-BC5D-45EF-8508-1D07D85FB81E}.Debug|ARM.ActiveCfg = Debug|ARM
		{C963712C-BC5D-45EF-8508-1D07D85FB81E}.Debug|ARM.Build.0 = Debug|ARM
		{C963712C-BC5D-45EF-8508-1D07D85FB81E}.Debug|ARM.Deploy.0 = Debug|ARM
		{C963712C-BC5D-45EF-8508-1D07D85FB81E}.Debug|iPhone.ActiveCfg = Debug|x86
		{C963712C-BC5D-45EF-8508-1D07D85FB81E}.Debug|iPhoneSimulator.ActiveCfg = Debug|x86
		{C963712C-BC5D-45EF-8508-1D07D85FB81E}.Debug|x64.ActiveCfg = Debug|x64
		{C963712C-BC5D-45EF-8508-1D07D85FB81E}.Debug|x64.Build.0 = Debug|x64
		{C963712C-BC5D-45EF-8508-1D07D85FB81E}.Debug|x64.Deploy.0 = Debug|x64
		{C963712C-BC5D-45EF-8508-1D07D85FB81E}.Debug|x86.ActiveCfg = Debug|x86
		{C963712C-BC5D-45EF-8508-1D07D85FB81E}.Debug|x86.Build.0 = Debug|x86
		{C963712C-BC5D-45EF-8508-1D07D85FB81E}.Debug|x86.Deploy.0 = Debug|x86
		{C963712C-BC5D-45EF-8508-1D07D85FB81E}.Release|Any CPU.ActiveCfg = Release|x86
		{C963712C-BC5D-45EF-8508-1D07D85FB81E}.Release|ARM.ActiveCfg = Release|ARM
		{C963712C-BC5D-45EF-8508-1D07D85FB81E}.Release|ARM.Build.0 = Release|ARM
		{C963712C-BC5D-45EF-8508-1D07D85FB81E}.Release|ARM.Deploy.0 = Release|ARM
		{C963712C-BC5D-45EF-8508-1D07D85FB81E}.Release|iPhone.ActiveCfg = Release|x86
		{C963712C-BC5D-45EF-8508-1D07D85FB81E}.Release|iPhoneSimulator.ActiveCfg = Release|x86
		{C963712C-BC5D-45EF-8508-1D07D85FB81E}.Release|x64.ActiveCfg = Release|x64
		{C963712C-BC5D-45EF-8508-1D07D85FB81E}.Release|x64.Build.0 = Release|x64
		{C963712C-BC5D-45EF-8508-1D07D85FB81E}.Release|x64.Deploy.0 = Release|x64
		{C963712C-BC5D-45EF-8508-1D07D85FB81E}.Release|x86.ActiveCfg = Release|x86
		{C963712C-BC5D-45EF-8508-1D07D85FB81E}.Release|x86.Build.0 = Release|x86
		{C963712C-BC5D-45EF-8508-1D07D85FB81E}.Release|x86.Deploy.0 = Release|x86
		{BFAC2AA8-F998-4D76-8310-6C0F4849F198}.Ad-Hoc|Any CPU.ActiveCfg = Debug|Any CPU
		{BFAC2AA8-F998-4D76-8310-6C0F4849F198}.Ad-Hoc|Any CPU.Build.0 = Debug|Any CPU
		{BFAC2AA8-F998-4D76-8310-6C0F4849F198}.Ad-Hoc|ARM.ActiveCfg = Debug|Any CPU
		{BFAC2AA8-F998-4D76-8310-6C0F4849F198}.Ad-Hoc|ARM.Build.0 = Debug|Any CPU
		{BFAC2AA8-F998-4D76-8310-6C0F4849F198}.Ad-Hoc|iPhone.ActiveCfg = Debug|Any CPU
		{BFAC2AA8-F998-4D76-8310-6C0F4849F198}.Ad-Hoc|iPhone.Build.0 = Debug|Any CPU
		{BFAC2AA8-F998-4D76-8310-6C0F4849F198}.Ad-Hoc|iPhoneSimulator.ActiveCfg = Debug|Any CPU
		{BFAC2AA8-F998-4D76-8310-6C0F4849F198}.Ad-Hoc|iPhoneSimulator.Build.0 = Debug|Any CPU
		{BFAC2AA8-F998-4D76-8310-6C0F4849F198}.Ad-Hoc|x64.ActiveCfg = Debug|Any CPU
		{BFAC2AA8-F998-4D76-8310-6C0F4849F198}.Ad-Hoc|x64.Build.0 = Debug|Any CPU
		{BFAC2AA8-F998-4D76-8310-6C0F4849F198}.Ad-Hoc|x86.ActiveCfg = Debug|Any CPU
		{BFAC2AA8-F998-4D76-8310-6C0F4849F198}.Ad-Hoc|x86.Build.0 = Debug|Any CPU
		{BFAC2AA8-F998-4D76-8310-6C0F4849F198}.AppStore|Any CPU.ActiveCfg = Debug|Any CPU
		{BFAC2AA8-F998-4D76-8310-6C0F4849F198}.AppStore|Any CPU.Build.0 = Debug|Any CPU
		{BFAC2AA8-F998-4D76-8310-6C0F4849F198}.AppStore|ARM.ActiveCfg = Debug|Any CPU
		{BFAC2AA8-F998-4D76-8310-6C0F4849F198}.AppStore|ARM.Build.0 = Debug|Any CPU
		{BFAC2AA8-F998-4D76-8310-6C0F4849F198}.AppStore|iPhone.ActiveCfg = Debug|Any CPU
		{BFAC2AA8-F998-4D76-8310-6C0F4849F198}.AppStore|iPhone.Build.0 = Debug|Any CPU
		{BFAC2AA8-F998-4D76-8310-6C0F4849F198}.AppStore|iPhoneSimulator.ActiveCfg = Debug|Any CPU
		{BFAC2AA8-F998-4D76-8310-6C0F4849F198}.AppStore|iPhoneSimulator.Build.0 = Debug|Any CPU
		{BFAC2AA8-F998-4D76-8310-6C0F4849F198}.AppStore|x64.ActiveCfg = Debug|Any CPU
		{BFAC2AA8-F998-4D76-8310-6C0F4849F198}.AppStore|x64.Build.0 = Debug|Any CPU
		{BFAC2AA8-F998-4D76-8310-6C0F4849F198}.AppStore|x86.ActiveCfg = Debug|Any CPU
		{BFAC2AA8-F998-4D76-8310-6C0F4849F198}.AppStore|x86.Build.0 = Debug|Any CPU
		{BFAC2AA8-F998-4D76-8310-6C0F4849F198}.Debug|Any CPU.ActiveCfg = Debug|Any CPU
		{BFAC2AA8-F998-4D76-8310-6C0F4849F198}.Debug|Any CPU.Build.0 = Debug|Any CPU
		{BFAC2AA8-F998-4D76-8310-6C0F4849F198}.Debug|ARM.ActiveCfg = Debug|Any CPU
		{BFAC2AA8-F998-4D76-8310-6C0F4849F198}.Debug|ARM.Build.0 = Debug|Any CPU
		{BFAC2AA8-F998-4D76-8310-6C0F4849F198}.Debug|iPhone.ActiveCfg = Debug|Any CPU
		{BFAC2AA8-F998-4D76-8310-6C0F4849F198}.Debug|iPhone.Build.0 = Debug|Any CPU
		{BFAC2AA8-F998-4D76-8310-6C0F4849F198}.Debug|iPhoneSimulator.ActiveCfg = Debug|Any CPU
		{BFAC2AA8-F998-4D76-8310-6C0F4849F198}.Debug|iPhoneSimulator.Build.0 = Debug|Any CPU
		{BFAC2AA8-F998-4D76-8310-6C0F4849F198}.Debug|x64.ActiveCfg = Debug|Any CPU
		{BFAC2AA8-F998-4D76-8310-6C0F4849F198}.Debug|x64.Build.0 = Debug|Any CPU
		{BFAC2AA8-F998-4D76-8310-6C0F4849F198}.Debug|x86.ActiveCfg = Debug|Any CPU
		{BFAC2AA8-F998-4D76-8310-6C0F4849F198}.Debug|x86.Build.0 = Debug|Any CPU
		{BFAC2AA8-F998-4D76-8310-6C0F4849F198}.Release|Any CPU.ActiveCfg = Release|Any CPU
		{BFAC2AA8-F998-4D76-8310-6C0F4849F198}.Release|Any CPU.Build.0 = Release|Any CPU
		{BFAC2AA8-F998-4D76-8310-6C0F4849F198}.Release|ARM.ActiveCfg = Release|Any CPU
		{BFAC2AA8-F998-4D76-8310-6C0F4849F198}.Release|ARM.Build.0 = Release|Any CPU
		{BFAC2AA8-F998-4D76-8310-6C0F4849F198}.Release|iPhone.ActiveCfg = Release|Any CPU
		{BFAC2AA8-F998-4D76-8310-6C0F4849F198}.Release|iPhone.Build.0 = Release|Any CPU
		{BFAC2AA8-F998-4D76-8310-6C0F4849F198}.Release|iPhoneSimulator.ActiveCfg = Release|Any CPU
		{BFAC2AA8-F998-4D76-8310-6C0F4849F198}.Release|iPhoneSimulator.Build.0 = Release|Any CPU
		{BFAC2AA8-F998-4D76-8310-6C0F4849F198}.Release|x64.ActiveCfg = Release|Any CPU
		{BFAC2AA8-F998-4D76-8310-6C0F4849F198}.Release|x64.Build.0 = Release|Any CPU
		{BFAC2AA8-F998-4D76-8310-6C0F4849F198}.Release|x86.ActiveCfg = Release|Any CPU
		{BFAC2AA8-F998-4D76-8310-6C0F4849F198}.Release|x86.Build.0 = Release|Any CPU
	EndGlobalSection
	GlobalSection(SolutionProperties) = preSolution
		HideSolutionNode = FALSE
	EndGlobalSection
	GlobalSection(ExtensibilityGlobals) = postSolution
		SolutionGuid = {7CEF8162-73D6-4FCE-AEC4-CDDC735A2CE9}
	EndGlobalSection
EndGlobal
